
Microsoft Visual Studio Solution File, Format Version 12.00
# Visual Studio Version 16
VisualStudioVersion = 16.0.31019.35
MinimumVisualStudioVersion = 10.0.40219.1
Project("{FAE04EC0-301F-11D3-BF4B-00C04F79EFBC}") = "WebApplication1", "WebApplication1\WebApplication1.csproj", "{BD9708F5-1203-4C3F-AF05-478B2F4CB0BB}"
EndProject
Global
	GlobalSection(SolutionConfigurationPlatforms) = preSolution
		Debug|Any CPU = Debug|Any CPU
		Release|Any CPU = Release|Any CPU
	EndGlobalSection
	GlobalSection(ProjectConfigurationPlatforms) = postSolution
		{BD9708F5-1203-4C3F-AF05-478B2F4CB0BB}.Debug|Any CPU.ActiveCfg = Debug|Any CPU
		{BD9708F5-1203-4C3F-AF05-478B2F4CB0BB}.Debug|Any CPU.Build.0 = Debug|Any CPU
		{BD9708F5-1203-4C3F-AF05-478B2F4CB0BB}.Release|Any CPU.ActiveCfg = Release|Any CPU
		{BD9708F5-1203-4C3F-AF05-478B2F4CB0BB}.Release|Any CPU.Build.0 = Release|Any CPU
	EndGlobalSection
	GlobalSection(SolutionProperties) = preSolution
		HideSolutionNode = FALSE
	EndGlobalSection
	GlobalSection(ExtensibilityGlobals) = postSolution
		SolutionGuid = {7167C507-9F4E-41E3-B445-D70105A17A94}
	EndGlobalSection
EndGlobal
